# This file is automatically @generated by Cargo.
# It is not intended for manual editing.
version = 4

[[package]]
name = "tc_digest"
version = "0.1.0"

[[package]]
name = "tc_md"
version = "0.1.0"
dependencies = [
 "tc_digest",
]

[[package]]
name = "tc_sha"
version = "0.1.0"
dependencies = [
 "tc_digest",
]
